
Microsoft Visual Studio Solution File, Format Version 12.00
# Visual Studio Version 16
VisualStudioVersion = 16.0.30428.66
MinimumVisualStudioVersion = 10.0.40219.1
Project("{9A19103F-16F7-4668-BE54-9A1E7A4F7556}") = "DxGridLayoutAdaptivity.Wasm", "DxGridLayoutAdaptivity.Wasm\DxGridLayoutAdaptivity.Wasm.csproj", "{8E542A2C-A11F-443D-88EF-4B51FC4CA82A}"
EndProject
Project("{FAE04EC0-301F-11D3-BF4B-00C04F79EFBC}") = "DxGridLayoutAdaptivity.Server", "DxGridLayoutAdaptivity.Server\DxGridLayoutAdaptivity.Server.csproj", "{295E8AFA-70D4-4DA8-857F-AFE2DA893B83}"
EndProject
Global
	GlobalSection(SolutionConfigurationPlatforms) = preSolution
		Debug|Any CPU = Debug|Any CPU
		Release|Any CPU = Release|Any CPU
	EndGlobalSection
	GlobalSection(ProjectConfigurationPlatforms) = postSolution
		{8E542A2C-A11F-443D-88EF-4B51FC4CA82A}.Debug|Any CPU.ActiveCfg = Debug|Any CPU
		{8E542A2C-A11F-443D-88EF-4B51FC4CA82A}.Debug|Any CPU.Build.0 = Debug|Any CPU
		{8E542A2C-A11F-443D-88EF-4B51FC4CA82A}.Release|Any CPU.ActiveCfg = Release|Any CPU
		{8E542A2C-A11F-443D-88EF-4B51FC4CA82A}.Release|Any CPU.Build.0 = Release|Any CPU
		{295E8AFA-70D4-4DA8-857F-AFE2DA893B83}.Debug|Any CPU.ActiveCfg = Debug|Any CPU
		{295E8AFA-70D4-4DA8-857F-AFE2DA893B83}.Debug|Any CPU.Build.0 = Debug|Any CPU
		{295E8AFA-70D4-4DA8-857F-AFE2DA893B83}.Release|Any CPU.ActiveCfg = Release|Any CPU
		{295E8AFA-70D4-4DA8-857F-AFE2DA893B83}.Release|Any CPU.Build.0 = Release|Any CPU
	EndGlobalSection
	GlobalSection(SolutionProperties) = preSolution
		HideSolutionNode = FALSE
	EndGlobalSection
	GlobalSection(ExtensibilityGlobals) = postSolution
		SolutionGuid = {4BA67385-D798-4875-9692-95335F925984}
	EndGlobalSection
EndGlobal
