
Microsoft Visual Studio Solution File, Format Version 12.00
# Visual Studio Version 17
VisualStudioVersion = 17.0.32002.185
MinimumVisualStudioVersion = 10.0.40219.1
Project("{FAE04EC0-301F-11D3-BF4B-00C04F79EFBC}") = "DxGridLayoutAdaptivity.Server", "DxGridLayoutAdaptivity.Server\DxGridLayoutAdaptivity.Server.csproj", "{2B43F4E4-7F5B-4266-A129-C20B7963C103}"
EndProject
Global
	GlobalSection(SolutionConfigurationPlatforms) = preSolution
		Debug|Any CPU = Debug|Any CPU
		Release|Any CPU = Release|Any CPU
	EndGlobalSection
	GlobalSection(ProjectConfigurationPlatforms) = postSolution
		{2B43F4E4-7F5B-4266-A129-C20B7963C103}.Debug|Any CPU.ActiveCfg = Debug|Any CPU
		{2B43F4E4-7F5B-4266-A129-C20B7963C103}.Debug|Any CPU.Build.0 = Debug|Any CPU
		{2B43F4E4-7F5B-4266-A129-C20B7963C103}.Release|Any CPU.ActiveCfg = Release|Any CPU
		{2B43F4E4-7F5B-4266-A129-C20B7963C103}.Release|Any CPU.Build.0 = Release|Any CPU
	EndGlobalSection
	GlobalSection(SolutionProperties) = preSolution
		HideSolutionNode = FALSE
	EndGlobalSection
	GlobalSection(ExtensibilityGlobals) = postSolution
		SolutionGuid = {071F6C02-83A5-4B38-B6F7-EC243C351E94}
	EndGlobalSection
EndGlobal
